
Microsoft Visual Studio Solution File, Format Version 12.00
# Visual Studio Version 16
VisualStudioVersion = 16.0.29123.88
MinimumVisualStudioVersion = 10.0.40219.1
Project("{FAE04EC0-301F-11D3-BF4B-00C04F79EFBC}") = "read feature model", "read feature model\read feature model.csproj", "{15313A20-5A8B-4D46-8F4E-8B5CDAB2F7AD}"
EndProject
Global
	GlobalSection(SolutionConfigurationPlatforms) = preSolution
		Debug|Any CPU = Debug|Any CPU
		Release|Any CPU = Release|Any CPU
	EndGlobalSection
	GlobalSection(ProjectConfigurationPlatforms) = postSolution
		{15313A20-5A8B-4D46-8F4E-8B5CDAB2F7AD}.Debug|Any CPU.ActiveCfg = Debug|Any CPU
		{15313A20-5A8B-4D46-8F4E-8B5CDAB2F7AD}.Debug|Any CPU.Build.0 = Debug|Any CPU
		{15313A20-5A8B-4D46-8F4E-8B5CDAB2F7AD}.Release|Any CPU.ActiveCfg = Release|Any CPU
		{15313A20-5A8B-4D46-8F4E-8B5CDAB2F7AD}.Release|Any CPU.Build.0 = Release|Any CPU
	EndGlobalSection
	GlobalSection(SolutionProperties) = preSolution
		HideSolutionNode = FALSE
	EndGlobalSection
	GlobalSection(ExtensibilityGlobals) = postSolution
		SolutionGuid = {B84EA57B-8FBB-4B30-9024-8D733F1FD9D1}
	EndGlobalSection
EndGlobal
